
Microsoft Visual Studio Solution File, Format Version 12.00
# Visual Studio 2013
VisualStudioVersion = 12.0.31101.0
MinimumVisualStudioVersion = 10.0.40219.1
Project("{FAE04EC0-301F-11D3-BF4B-00C04F79EFBC}") = "MvcApp", "MvcApp\MvcApp.csproj", "{965872E5-D7C0-4EB9-B240-7AFCBB0B9E51}"
EndProject
Project("{FAE04EC0-301F-11D3-BF4B-00C04F79EFBC}") = "MvcApp.Tests", "MvcApp.Tests\MvcApp.Tests.csproj", "{C4930A4E-D725-4ED5-91CD-B3FD4C75255F}"
EndProject
Global
	GlobalSection(SolutionConfigurationPlatforms) = preSolution
		Debug|Any CPU = Debug|Any CPU
		Release|Any CPU = Release|Any CPU
	EndGlobalSection
	GlobalSection(ProjectConfigurationPlatforms) = postSolution
		{965872E5-D7C0-4EB9-B240-7AFCBB0B9E51}.Debug|Any CPU.ActiveCfg = Debug|Any CPU
		{965872E5-D7C0-4EB9-B240-7AFCBB0B9E51}.Debug|Any CPU.Build.0 = Debug|Any CPU
		{965872E5-D7C0-4EB9-B240-7AFCBB0B9E51}.Release|Any CPU.ActiveCfg = Release|Any CPU
		{965872E5-D7C0-4EB9-B240-7AFCBB0B9E51}.Release|Any CPU.Build.0 = Release|Any CPU
		{C4930A4E-D725-4ED5-91CD-B3FD4C75255F}.Debug|Any CPU.ActiveCfg = Debug|Any CPU
		{C4930A4E-D725-4ED5-91CD-B3FD4C75255F}.Debug|Any CPU.Build.0 = Debug|Any CPU
		{C4930A4E-D725-4ED5-91CD-B3FD4C75255F}.Release|Any CPU.ActiveCfg = Release|Any CPU
		{C4930A4E-D725-4ED5-91CD-B3FD4C75255F}.Release|Any CPU.Build.0 = Release|Any CPU
	EndGlobalSection
	GlobalSection(SolutionProperties) = preSolution
		HideSolutionNode = FALSE
	EndGlobalSection
EndGlobal
